// !$*UTF8*$!
{
	archiveVersion = 1;
	classes = {
	};
	objectVersion = 77;
	objects = {

/* Begin PBXBuildFile section */
		053F28E72D81821000D5B611 /* SwiftUI.framework in Frameworks */ = {isa = PBXBuildFile; fileRef = 053F28E62D81821000D5B611 /* SwiftUI.framework */; };
		053F28EA2D81822400D5B611 /* CoreData.framework in Frameworks */ = {isa = PBXBuildFile; fileRef = 053F28E82D81821900D5B611 /* CoreData.framework */; };
		053F28EB2D81822C00D5B611 /* SwiftUI.framework in Frameworks */ = {isa = PBXBuildFile; fileRef = 053F28E62D81821000D5B611 /* SwiftUI.framework */; };
/* End PBXBuildFile section */

/* Begin PBXContainerItemProxy section */
		053F286D2D80258300D5B611 /* PBXContainerItemProxy */ = {
			isa = PBXContainerItemProxy;
			containerPortal = 053F284E2D80258000D5B611 /* Project object */;
			proxyType = 1;
			remoteGlobalIDString = 053F28552D80258000D5B611;
			remoteInfo = CyberSapient;
		};
		053F28772D80258300D5B611 /* PBXContainerItemProxy */ = {
			isa = PBXContainerItemProxy;
			containerPortal = 053F284E2D80258000D5B611 /* Project object */;
			proxyType = 1;
			remoteGlobalIDString = 053F28552D80258000D5B611;
			remoteInfo = CyberSapient;
		};
/* End PBXContainerItemProxy section */

/* Begin PBXFileReference section */
		053F28562D80258000D5B611 /* CyberSapient.app */ = {isa = PBXFileReference; explicitFileType = wrapper.application; includeInIndex = 0; path = CyberSapient.app; sourceTree = BUILT_PRODUCTS_DIR; };
		053F286C2D80258300D5B611 /* CyberSapientTests.xctest */ = {isa = PBXFileReference; explicitFileType = wrapper.cfbundle; includeInIndex = 0; path = CyberSapientTests.xctest; sourceTree = BUILT_PRODUCTS_DIR; };
		053F28762D80258300D5B611 /* CyberSapientUITests.xctest */ = {isa = PBXFileReference; explicitFileType = wrapper.cfbundle; includeInIndex = 0; path = CyberSapientUITests.xctest; sourceTree = BUILT_PRODUCTS_DIR; };
		053F28E62D81821000D5B611 /* SwiftUI.framework */ = {isa = PBXFileReference; lastKnownFileType = wrapper.framework; name = SwiftUI.framework; path = Platforms/iPhoneOS.platform/Developer/SDKs/iPhoneOS18.2.sdk/System/Library/Frameworks/SwiftUI.framework; sourceTree = DEVELOPER_DIR; };
		053F28E82D81821900D5B611 /* CoreData.framework */ = {isa = PBXFileReference; lastKnownFileType = wrapper.framework; name = CoreData.framework; path = Platforms/iPhoneOS.platform/Developer/SDKs/iPhoneOS18.2.sdk/System/Library/Frameworks/CoreData.framework; sourceTree = DEVELOPER_DIR; };
/* End PBXFileReference section */

/* Begin PBXFileSystemSynchronizedBuildFileExceptionSet section */
		053F28E32D81809300D5B611 /* Exceptions for "CyberSapientTests" folder in "CyberSapientTests" target */ = {
			isa = PBXFileSystemSynchronizedBuildFileExceptionSet;
			membershipExceptions = (
				MockRepository/MockTaskRepository.swift,
				TestCases/AddTaskUseCaseTests.swift,
				TestCases/DeleteTaskUseCaseTests.swift,
				TestCases/FetchTasksUseCaseTests.swift,
			);
			target = 053F286B2D80258300D5B611 /* CyberSapientTests */;
		};
		053F28E42D81809300D5B611 /* Exceptions for "CyberSapientTests" folder in "CyberSapientUITests" target */ = {
			isa = PBXFileSystemSynchronizedBuildFileExceptionSet;
			membershipExceptions = (
				MockRepository/MockTaskRepository.swift,
				TestCases/AddTaskUseCaseTests.swift,
				TestCases/DeleteTaskUseCaseTests.swift,
				TestCases/FetchTasksUseCaseTests.swift,
			);
			target = 053F28752D80258300D5B611 /* CyberSapientUITests */;
		};
/* End PBXFileSystemSynchronizedBuildFileExceptionSet section */

/* Begin PBXFileSystemSynchronizedRootGroup section */
		053F28582D80258000D5B611 /* CyberSapient */ = {
			isa = PBXFileSystemSynchronizedRootGroup;
			path = CyberSapient;
			sourceTree = "<group>";
		};
		053F286F2D80258300D5B611 /* CyberSapientTests */ = {
			isa = PBXFileSystemSynchronizedRootGroup;
			exceptions = (
				053F28E32D81809300D5B611 /* Exceptions for "CyberSapientTests" folder in "CyberSapientTests" target */,
				053F28E42D81809300D5B611 /* Exceptions for "CyberSapientTests" folder in "CyberSapientUITests" target */,
			);
			path = CyberSapientTests;
			sourceTree = "<group>";
		};
		053F28792D80258300D5B611 /* CyberSapientUITests */ = {
			isa = PBXFileSystemSynchronizedRootGroup;
			path = CyberSapientUITests;
			sourceTree = "<group>";
		};
/* End PBXFileSystemSynchronizedRootGroup section */

/* Begin PBXFrameworksBuildPhase section */
		053F28532D80258000D5B611 /* Frameworks */ = {
			isa = PBXFrameworksBuildPhase;
			buildActionMask = 2147483647;
			files = (
				053F28EB2D81822C00D5B611 /* SwiftUI.framework in Frameworks */,
				053F28EA2D81822400D5B611 /* CoreData.framework in Frameworks */,
			);
			runOnlyForDeploymentPostprocessing = 0;
		};
		053F28692D80258300D5B611 /* Frameworks */ = {
			isa = PBXFrameworksBuildPhase;
			buildActionMask = 2147483647;
			files = (
			);
			runOnlyForDeploymentPostprocessing = 0;
		};
		053F28732D80258300D5B611 /* Frameworks */ = {
			isa = PBXFrameworksBuildPhase;
			buildActionMask = 2147483647;
			files = (
				053F28E72D81821000D5B611 /* SwiftUI.framework in Frameworks */,
			);
			runOnlyForDeploymentPostprocessing = 0;
		};
/* End PBXFrameworksBuildPhase section */

/* Begin PBXGroup section */
		053F284D2D80258000D5B611 = {
			isa = PBXGroup;
			children = (
				053F28582D80258000D5B611 /* CyberSapient */,
				053F286F2D80258300D5B611 /* CyberSapientTests */,
				053F28792D80258300D5B611 /* CyberSapientUITests */,
				053F28E52D81821000D5B611 /* Frameworks */,
				053F28572D80258000D5B611 /* Products */,
			);
			sourceTree = "<group>";
		};
		053F28572D80258000D5B611 /* Products */ = {
			isa = PBXGroup;
			children = (
				053F28562D80258000D5B611 /* CyberSapient.app */,
				053F286C2D80258300D5B611 /* CyberSapientTests.xctest */,
				053F28762D80258300D5B611 /* CyberSapientUITests.xctest */,
			);
			name = Products;
			sourceTree = "<group>";
		};
		053F28E52D81821000D5B611 /* Frameworks */ = {
			isa = PBXGroup;
			children = (
				053F28E82D81821900D5B611 /* CoreData.framework */,
				053F28E62D81821000D5B611 /* SwiftUI.framework */,
			);
			name = Frameworks;
			sourceTree = "<group>";
		};
/* End PBXGroup section */

/* Begin PBXNativeTarget section */
		053F28552D80258000D5B611 /* CyberSapient */ = {
			isa = PBXNativeTarget;
			buildConfigurationList = 053F28802D80258300D5B611 /* Build configuration list for PBXNativeTarget "CyberSapient" */;
			buildPhases = (
				053F28522D80258000D5B611 /* Sources */,
				053F28532D80258000D5B611 /* Frameworks */,
				053F28542D80258000D5B611 /* Resources */,
			);
			buildRules = (
			);
			dependencies = (
			);
			fileSystemSynchronizedGroups = (
				053F28582D80258000D5B611 /* CyberSapient */,
			);
			name = CyberSapient;
			packageProductDependencies = (
			);
			productName = CyberSapient;
			productReference = 053F28562D80258000D5B611 /* CyberSapient.app */;
			productType = "com.apple.product-type.application";
		};
		053F286B2D80258300D5B611 /* CyberSapientTests */ = {
			isa = PBXNativeTarget;
			buildConfigurationList = 053F28832D80258300D5B611 /* Build configuration list for PBXNativeTarget "CyberSapientTests" */;
			buildPhases = (
				053F28682D80258300D5B611 /* Sources */,
				053F28692D80258300D5B611 /* Frameworks */,
				053F286A2D80258300D5B611 /* Resources */,
			);
			buildRules = (
			);
			dependencies = (
				053F286E2D80258300D5B611 /* PBXTargetDependency */,
			);
			fileSystemSynchronizedGroups = (
				053F286F2D80258300D5B611 /* CyberSapientTests */,
			);
			name = CyberSapientTests;
			packageProductDependencies = (
			);
			productName = CyberSapientTests;
			productReference = 053F286C2D80258300D5B611 /* CyberSapientTests.xctest */;
			productType = "com.apple.product-type.bundle.unit-test";
		};
		053F28752D80258300D5B611 /* CyberSapientUITests */ = {
			isa = PBXNativeTarget;
			buildConfigurationList = 053F28862D80258300D5B611 /* Build configuration list for PBXNativeTarget "CyberSapientUITests" */;
			buildPhases = (
				053F28722D80258300D5B611 /* Sources */,
				053F28732D80258300D5B611 /* Frameworks */,
				053F28742D80258300D5B611 /* Resources */,
			);
			buildRules = (
			);
			dependencies = (
				053F28782D80258300D5B611 /* PBXTargetDependency */,
			);
			fileSystemSynchronizedGroups = (
				053F28792D80258300D5B611 /* CyberSapientUITests */,
			);
			name = CyberSapientUITests;
			packageProductDependencies = (
			);
			productName = CyberSapientUITests;
			productReference = 053F28762D80258300D5B611 /* CyberSapientUITests.xctest */;
			productType = "com.apple.product-type.bundle.ui-testing";
		};
/* End PBXNativeTarget section */

/* Begin PBXProject section */
		053F284E2D80258000D5B611 /* Project object */ = {
			isa = PBXProject;
			attributes = {
				BuildIndependentTargetsInParallel = 1;
				LastSwiftUpdateCheck = 1620;
				LastUpgradeCheck = 1620;
				TargetAttributes = {
					053F28552D80258000D5B611 = {
						CreatedOnToolsVersion = 16.2;
					};
					053F286B2D80258300D5B611 = {
						CreatedOnToolsVersion = 16.2;
						TestTargetID = 053F28552D80258000D5B611;
					};
					053F28752D80258300D5B611 = {
						CreatedOnToolsVersion = 16.2;
						TestTargetID = 053F28552D80258000D5B611;
					};
				};
			};
			buildConfigurationList = 053F28512D80258000D5B611 /* Build configuration list for PBXProject "CyberSapient" */;
			developmentRegion = en;
			hasScannedForEncodings = 0;
			knownRegions = (
				en,
				Base,
			);
			mainGroup = 053F284D2D80258000D5B611;
			minimizedProjectReferenceProxies = 1;
			preferredProjectObjectVersion = 77;
			productRefGroup = 053F28572D80258000D5B611 /* Products */;
			projectDirPath = "";
			projectRoot = "";
			targets = (
				053F28552D80258000D5B611 /* CyberSapient */,
				053F286B2D80258300D5B611 /* CyberSapientTests */,
				053F28752D80258300D5B611 /* CyberSapientUITests */,
			);
		};
/* End PBXProject section */

/* Begin PBXResourcesBuildPhase section */
		053F28542D80258000D5B611 /* Resources */ = {
			isa = PBXResourcesBuildPhase;
			buildActionMask = 2147483647;
			files = (
			);
			runOnlyForDeploymentPostprocessing = 0;
		};
		053F286A2D80258300D5B611 /* Resources */ = {
			isa = PBXResourcesBuildPhase;
			buildActionMask = 2147483647;
			files = (
			);
			runOnlyForDeploymentPostprocessing = 0;
		};
		053F28742D80258300D5B611 /* Resources */ = {
			isa = PBXResourcesBuildPhase;
			buildActionMask = 2147483647;
			files = (
			);
			runOnlyForDeploymentPostprocessing = 0;
		};
/* End PBXResourcesBuildPhase section */

/* Begin PBXSourcesBuildPhase section */
		053F28522D80258000D5B611 /* Sources */ = {
			isa = PBXSourcesBuildPhase;
			buildActionMask = 2147483647;
			files = (
			);
			runOnlyForDeploymentPostprocessing = 0;
		};
		053F28682D80258300D5B611 /* Sources */ = {
			isa = PBXSourcesBuildPhase;
			buildActionMask = 2147483647;
			files = (
			);
			runOnlyForDeploymentPostprocessing = 0;
		};
		053F28722D80258300D5B611 /* Sources */ = {
			isa = PBXSourcesBuildPhase;
			buildActionMask = 2147483647;
			files = (
			);
			runOnlyForDeploymentPostprocessing = 0;
		};
/* End PBXSourcesBuildPhase section */

/* Begin PBXTargetDependency section */
		053F286E2D80258300D5B611 /* PBXTargetDependency */ = {
			isa = PBXTargetDependency;
			target = 053F28552D80258000D5B611 /* CyberSapient */;
			targetProxy = 053F286D2D80258300D5B611 /* PBXContainerItemProxy */;
		};
		053F28782D80258300D5B611 /* PBXTargetDependency */ = {
			isa = PBXTargetDependency;
			target = 053F28552D80258000D5B611 /* CyberSapient */;
			targetProxy = 053F28772D80258300D5B611 /* PBXContainerItemProxy */;
		};
/* End PBXTargetDependency section */

/* Begin XCBuildConfiguration section */
		053F287E2D80258300D5B611 /* Debug */ = {
			isa = XCBuildConfiguration;
			buildSettings = {
				ALWAYS_SEARCH_USER_PATHS = NO;
				ASSETCATALOG_COMPILER_GENERATE_SWIFT_ASSET_SYMBOL_EXTENSIONS = YES;
				CLANG_ANALYZER_NONNULL = YES;
				CLANG_ANALYZER_NUMBER_OBJECT_CONVERSION = YES_AGGRESSIVE;
				CLANG_CXX_LANGUAGE_STANDARD = "gnu++20";
				CLANG_ENABLE_MODULES = YES;
				CLANG_ENABLE_OBJC_ARC = YES;
				CLANG_ENABLE_OBJC_WEAK = YES;
				CLANG_WARN_BLOCK_CAPTURE_AUTORELEASING = YES;
				CLANG_WARN_BOOL_CONVERSION = YES;
				CLANG_WARN_COMMA = YES;
				CLANG_WARN_CONSTANT_CONVERSION = YES;
				CLANG_WARN_DEPRECATED_OBJC_IMPLEMENTATIONS = YES;
				CLANG_WARN_DIRECT_OBJC_ISA_USAGE = YES_ERROR;
				CLANG_WARN_DOCUMENTATION_COMMENTS = YES;
				CLANG_WARN_EMPTY_BODY = YES;
				CLANG_WARN_ENUM_CONVERSION = YES;
				CLANG_WARN_INFINITE_RECURSION = YES;
				CLANG_WARN_INT_CONVERSION = YES;
				CLANG_WARN_NON_LITERAL_NULL_CONVERSION = YES;
				CLANG_WARN_OBJC_IMPLICIT_RETAIN_SELF = YES;
				CLANG_WARN_OBJC_LITERAL_CONVERSION = YES;
				CLANG_WARN_OBJC_ROOT_CLASS = YES_ERROR;
				CLANG_WARN_QUOTED_INCLUDE_IN_FRAMEWORK_HEADER = YES;
				CLANG_WARN_RANGE_LOOP_ANALYSIS = YES;
				CLANG_WARN_STRICT_PROTOTYPES = YES;
				CLANG_WARN_SUSPICIOUS_MOVE = YES;
				CLANG_WARN_UNGUARDED_AVAILABILITY = YES_AGGRESSIVE;
				CLANG_WARN_UNREACHABLE_CODE = YES;
				CLANG_WARN__DUPLICATE_METHOD_MATCH = YES;
				COPY_PHASE_STRIP = NO;
				DEBUG_INFORMATION_FORMAT = dwarf;
				ENABLE_STRICT_OBJC_MSGSEND = YES;
				ENABLE_TESTABILITY = YES;
				ENABLE_USER_SCRIPT_SANDBOXING = YES;
				GCC_C_LANGUAGE_STANDARD = gnu17;
				GCC_DYNAMIC_NO_PIC = NO;
				GCC_NO_COMMON_BLOCKS = YES;
				GCC_OPTIMIZATION_LEVEL = 0;
				GCC_PREPROCESSOR_DEFINITIONS = (
					"DEBUG=1",
					"$(inherited)",
				);
				GCC_WARN_64_TO_32_BIT_CONVERSION = YES;
				GCC_WARN_ABOUT_RETURN_TYPE = YES_ERROR;
				GCC_WARN_UNDECLARED_SELECTOR = YES;
				GCC_WARN_UNINITIALIZED_AUTOS = YES_AGGRESSIVE;
				GCC_WARN_UNUSED_FUNCTION = YES;
				GCC_WARN_UNUSED_VARIABLE = YES;
				LOCALIZATION_PREFERS_STRING_CATALOGS = YES;
				MTL_ENABLE_DEBUG_INFO = INCLUDE_SOURCE;
				MTL_FAST_MATH = YES;
				ONLY_ACTIVE_ARCH = YES;
				SWIFT_ACTIVE_COMPILATION_CONDITIONS = "DEBUG $(inherited)";
				SWIFT_OPTIMIZATION_LEVEL = "-Onone";
			};
			name = Debug;
		};
		053F287F2D80258300D5B611 /* Release */ = {
			isa = XCBuildConfiguration;
			buildSettings = {
				ALWAYS_SEARCH_USER_PATHS = NO;
				ASSETCATALOG_COMPILER_GENERATE_SWIFT_ASSET_SYMBOL_EXTENSIONS = YES;
				CLANG_ANALYZER_NONNULL = YES;
				CLANG_ANALYZER_NUMBER_OBJECT_CONVERSION = YES_AGGRESSIVE;
				CLANG_CXX_LANGUAGE_STANDARD = "gnu++20";
				CLANG_ENABLE_MODULES = YES;
				CLANG_ENABLE_OBJC_ARC = YES;
				CLANG_ENABLE_OBJC_WEAK = YES;
				CLANG_WARN_BLOCK_CAPTURE_AUTORELEASING = YES;
				CLANG_WARN_BOOL_CONVERSION = YES;
				CLANG_WARN_COMMA = YES;
				CLANG_WARN_CONSTANT_CONVERSION = YES;
				CLANG_WARN_DEPRECATED_OBJC_IMPLEMENTATIONS = YES;
				CLANG_WARN_DIRECT_OBJC_ISA_USAGE = YES_ERROR;
				CLANG_WARN_DOCUMENTATION_COMMENTS = YES;
				CLANG_WARN_EMPTY_BODY = YES;
				CLANG_WARN_ENUM_CONVERSION = YES;
				CLANG_WARN_INFINITE_RECURSION = YES;
				CLANG_WARN_INT_CONVERSION = YES;
				CLANG_WARN_NON_LITERAL_NULL_CONVERSION = YES;
				CLANG_WARN_OBJC_IMPLICIT_RETAIN_SELF = YES;
				CLANG_WARN_OBJC_LITERAL_CONVERSION = YES;
				CLANG_WARN_OBJC_ROOT_CLASS = YES_ERROR;
				CLANG_WARN_QUOTED_INCLUDE_IN_FRAMEWORK_HEADER = YES;
				CLANG_WARN_RANGE_LOOP_ANALYSIS = YES;
				CLANG_WARN_STRICT_PROTOTYPES = YES;
				CLANG_WARN_SUSPICIOUS_MOVE = YES;
				CLANG_WARN_UNGUARDED_AVAILABILITY = YES_AGGRESSIVE;
				CLANG_WARN_UNREACHABLE_CODE = YES;
				CLANG_WARN__DUPLICATE_METHOD_MATCH = YES;
				COPY_PHASE_STRIP = NO;
				DEBUG_INFORMATION_FORMAT = "dwarf-with-dsym";
				ENABLE_NS_ASSERTIONS = NO;
				ENABLE_STRICT_OBJC_MSGSEND = YES;
				ENABLE_USER_SCRIPT_SANDBOXING = YES;
				GCC_C_LANGUAGE_STANDARD = gnu17;
				GCC_NO_COMMON_BLOCKS = YES;
				GCC_WARN_64_TO_32_BIT_CONVERSION = YES;
				GCC_WARN_ABOUT_RETURN_TYPE = YES_ERROR;
				GCC_WARN_UNDECLARED_SELECTOR = YES;
				GCC_WARN_UNINITIALIZED_AUTOS = YES_AGGRESSIVE;
				GCC_WARN_UNUSED_FUNCTION = YES;
				GCC_WARN_UNUSED_VARIABLE = YES;
				LOCALIZATION_PREFERS_STRING_CATALOGS = YES;
				MTL_ENABLE_DEBUG_INFO = NO;
				MTL_FAST_MATH = YES;
				SWIFT_COMPILATION_MODE = wholemodule;
			};
			name = Release;
		};
		053F28812D80258300D5B611 /* Debug */ = {
			isa = XCBuildConfiguration;
			buildSettings = {
				ASSETCATALOG_COMPILER_APPICON_NAME = AppIcon;
				ASSETCATALOG_COMPILER_GLOBAL_ACCENT_COLOR_NAME = AccentColor;
				CODE_SIGN_ENTITLEMENTS = CyberSapient/CyberSapient.entitlements;
				CODE_SIGN_STYLE = Automatic;
				CURRENT_PROJECT_VERSION = 1;
				DEVELOPMENT_ASSET_PATHS = "\"CyberSapient/Preview Content\"";
				ENABLE_PREVIEWS = YES;
				GENERATE_INFOPLIST_FILE = YES;
				"INFOPLIST_KEY_UIApplicationSceneManifest_Generation[sdk=iphoneos*]" = YES;
				"INFOPLIST_KEY_UIApplicationSceneManifest_Generation[sdk=iphonesimulator*]" = YES;
				"INFOPLIST_KEY_UIApplicationSupportsIndirectInputEvents[sdk=iphoneos*]" = YES;
				"INFOPLIST_KEY_UIApplicationSupportsIndirectInputEvents[sdk=iphonesimulator*]" = YES;
				"INFOPLIST_KEY_UILaunchScreen_Generation[sdk=iphoneos*]" = YES;
				"INFOPLIST_KEY_UILaunchScreen_Generation[sdk=iphonesimulator*]" = YES;
				"INFOPLIST_KEY_UIStatusBarStyle[sdk=iphoneos*]" = UIStatusBarStyleDefault;
				"INFOPLIST_KEY_UIStatusBarStyle[sdk=iphonesimulator*]" = UIStatusBarStyleDefault;
				INFOPLIST_KEY_UISupportedInterfaceOrientations_iPad = "UIInterfaceOrientationPortrait UIInterfaceOrientationPortraitUpsideDown UIInterfaceOrientationLandscapeLeft UIInterfaceOrientationLandscapeRight";
				INFOPLIST_KEY_UISupportedInterfaceOrientations_iPhone = "UIInterfaceOrientationPortrait UIInterfaceOrientationLandscapeLeft UIInterfaceOrientationLandscapeRight";
				IPHONEOS_DEPLOYMENT_TARGET = 18.0;
				LD_RUNPATH_SEARCH_PATHS = "@executable_path/Frameworks";
				"LD_RUNPATH_SEARCH_PATHS[sdk=macosx*]" = "@executable_path/../Frameworks";
				MACOSX_DEPLOYMENT_TARGET = 15.1;
				MARKETING_VERSION = 1.0;
				PRODUCT_BUNDLE_IDENTIFIER = myProject.CyberSapient;
				PRODUCT_NAME = "$(TARGET_NAME)";
				SDKROOT = auto;
				SUPPORTED_PLATFORMS = "iphonesimulator iphoneos";
				SWIFT_EMIT_LOC_STRINGS = YES;
				SWIFT_VERSION = 5.0;
				TARGETED_DEVICE_FAMILY = "1,2,7";
				XROS_DEPLOYMENT_TARGET = 2.2;
			};
			name = Debug;
		};
		053F28822D80258300D5B611 /* Release */ = {
			isa = XCBuildConfiguration;
			buildSettings = {
				ASSETCATALOG_COMPILER_APPICON_NAME = AppIcon;
				ASSETCATALOG_COMPILER_GLOBAL_ACCENT_COLOR_NAME = AccentColor;
				CODE_SIGN_ENTITLEMENTS = CyberSapient/CyberSapient.entitlements;
				CODE_SIGN_STYLE = Automatic;
				CURRENT_PROJECT_VERSION = 1;
				DEVELOPMENT_ASSET_PATHS = "\"CyberSapient/Preview Content\"";
				ENABLE_PREVIEWS = YES;
				GENERATE_INFOPLIST_FILE = YES;
				"INFOPLIST_KEY_UIApplicationSceneManifest_Generation[sdk=iphoneos*]" = YES;
				"INFOPLIST_KEY_UIApplicationSceneManifest_Generation[sdk=iphonesimulator*]" = YES;
				"INFOPLIST_KEY_UIApplicationSupportsIndirectInputEvents[sdk=iphoneos*]" = YES;
				"INFOPLIST_KEY_UIApplicationSupportsIndirectInputEvents[sdk=iphonesimulator*]" = YES;
				"INFOPLIST_KEY_UILaunchScreen_Generation[sdk=iphoneos*]" = YES;
				"INFOPLIST_KEY_UILaunchScreen_Generation[sdk=iphonesimulator*]" = YES;
				"INFOPLIST_KEY_UIStatusBarStyle[sdk=iphoneos*]" = UIStatusBarStyleDefault;
				"INFOPLIST_KEY_UIStatusBarStyle[sdk=iphonesimulator*]" = UIStatusBarStyleDefault;
				INFOPLIST_KEY_UISupportedInterfaceOrientations_iPad = "UIInterfaceOrientationPortrait UIInterfaceOrientationPortraitUpsideDown UIInterfaceOrientationLandscapeLeft UIInterfaceOrientationLandscapeRight";
				INFOPLIST_KEY_UISupportedInterfaceOrientations_iPhone = "UIInterfaceOrientationPortrait UIInterfaceOrientationLandscapeLeft UIInterfaceOrientationLandscapeRight";
				IPHONEOS_DEPLOYMENT_TARGET = 18.0;
				LD_RUNPATH_SEARCH_PATHS = "@executable_path/Frameworks";
				"LD_RUNPATH_SEARCH_PATHS[sdk=macosx*]" = "@executable_path/../Frameworks";
				MACOSX_DEPLOYMENT_TARGET = 15.1;
				MARKETING_VERSION = 1.0;
				PRODUCT_BUNDLE_IDENTIFIER = myProject.CyberSapient;
				PRODUCT_NAME = "$(TARGET_NAME)";
				SDKROOT = auto;
				SUPPORTED_PLATFORMS = "iphonesimulator iphoneos";
				SWIFT_EMIT_LOC_STRINGS = YES;
				SWIFT_VERSION = 5.0;
				TARGETED_DEVICE_FAMILY = "1,2,7";
				XROS_DEPLOYMENT_TARGET = 2.2;
			};
			name = Release;
		};
		053F28842D80258300D5B611 /* Debug */ = {
			isa = XCBuildConfiguration;
			buildSettings = {
				BUNDLE_LOADER = "$(TEST_HOST)";
				CODE_SIGN_STYLE = Automatic;
				CURRENT_PROJECT_VERSION = 1;
				GENERATE_INFOPLIST_FILE = YES;
				IPHONEOS_DEPLOYMENT_TARGET = 18.2;
				MACOSX_DEPLOYMENT_TARGET = 15.1;
				MARKETING_VERSION = 1.0;
				PRODUCT_BUNDLE_IDENTIFIER = myProject.CyberSapientTests;
				PRODUCT_NAME = "$(TARGET_NAME)";
				SDKROOT = auto;
				SUPPORTED_PLATFORMS = "iphonesimulator iphoneos";
				SWIFT_EMIT_LOC_STRINGS = NO;
				SWIFT_VERSION = 5.0;
				TARGETED_DEVICE_FAMILY = "1,2,7";
				TEST_HOST = "$(BUILT_PRODUCTS_DIR)/CyberSapient.app/$(BUNDLE_EXECUTABLE_FOLDER_PATH)/CyberSapient";
				XROS_DEPLOYMENT_TARGET = 2.2;
			};
			name = Debug;
		};
		053F28852D80258300D5B611 /* Release */ = {
			isa = XCBuildConfiguration;
			buildSettings = {
				BUNDLE_LOADER = "$(TEST_HOST)";
				CODE_SIGN_STYLE = Automatic;
				CURRENT_PROJECT_VERSION = 1;
				GENERATE_INFOPLIST_FILE = YES;
				IPHONEOS_DEPLOYMENT_TARGET = 18.2;
				MACOSX_DEPLOYMENT_TARGET = 15.1;
				MARKETING_VERSION = 1.0;
				PRODUCT_BUNDLE_IDENTIFIER = myProject.CyberSapientTests;
				PRODUCT_NAME = "$(TARGET_NAME)";
				SDKROOT = auto;
				SUPPORTED_PLATFORMS = "iphonesimulator iphoneos";
				SWIFT_EMIT_LOC_STRINGS = NO;
				SWIFT_VERSION = 5.0;
				TARGETED_DEVICE_FAMILY = "1,2,7";
				TEST_HOST = "$(BUILT_PRODUCTS_DIR)/CyberSapient.app/$(BUNDLE_EXECUTABLE_FOLDER_PATH)/CyberSapient";
				XROS_DEPLOYMENT_TARGET = 2.2;
			};
			name = Release;
		};
		053F28872D80258300D5B611 /* Debug */ = {
			isa = XCBuildConfiguration;
			buildSettings = {
				CODE_SIGN_STYLE = Automatic;
				CURRENT_PROJECT_VERSION = 1;
				GENERATE_INFOPLIST_FILE = YES;
				IPHONEOS_DEPLOYMENT_TARGET = 18.2;
				MACOSX_DEPLOYMENT_TARGET = 15.1;
				MARKETING_VERSION = 1.0;
				PRODUCT_BUNDLE_IDENTIFIER = myProject.CyberSapientUITests;
				PRODUCT_NAME = "$(TARGET_NAME)";
				SDKROOT = auto;
				SUPPORTED_PLATFORMS = "iphonesimulator iphoneos";
				SWIFT_EMIT_LOC_STRINGS = NO;
				SWIFT_VERSION = 5.0;
				TARGETED_DEVICE_FAMILY = "1,2,7";
				TEST_TARGET_NAME = CyberSapient;
				XROS_DEPLOYMENT_TARGET = 2.2;
			};
			name = Debug;
		};
		053F28882D80258300D5B611 /* Release */ = {
			isa = XCBuildConfiguration;
			buildSettings = {
				CODE_SIGN_STYLE = Automatic;
				CURRENT_PROJECT_VERSION = 1;
				GENERATE_INFOPLIST_FILE = YES;
				IPHONEOS_DEPLOYMENT_TARGET = 18.2;
				MACOSX_DEPLOYMENT_TARGET = 15.1;
				MARKETING_VERSION = 1.0;
				PRODUCT_BUNDLE_IDENTIFIER = myProject.CyberSapientUITests;
				PRODUCT_NAME = "$(TARGET_NAME)";
				SDKROOT = auto;
				SUPPORTED_PLATFORMS = "iphonesimulator iphoneos";
				SWIFT_EMIT_LOC_STRINGS = NO;
				SWIFT_VERSION = 5.0;
				TARGETED_DEVICE_FAMILY = "1,2,7";
				TEST_TARGET_NAME = CyberSapient;
				XROS_DEPLOYMENT_TARGET = 2.2;
			};
			name = Release;
		};
/* End XCBuildConfiguration section */

/* Begin XCConfigurationList section */
		053F28512D80258000D5B611 /* Build configuration list for PBXProject "CyberSapient" */ = {
			isa = XCConfigurationList;
			buildConfigurations = (
				053F287E2D80258300D5B611 /* Debug */,
				053F287F2D80258300D5B611 /* Release */,
			);
			defaultConfigurationIsVisible = 0;
			defaultConfigurationName = Release;
		};
		053F28802D80258300D5B611 /* Build configuration list for PBXNativeTarget "CyberSapient" */ = {
			isa = XCConfigurationList;
			buildConfigurations = (
				053F28812D80258300D5B611 /* Debug */,
				053F28822D80258300D5B611 /* Release */,
			);
			defaultConfigurationIsVisible = 0;
			defaultConfigurationName = Release;
		};
		053F28832D80258300D5B611 /* Build configuration list for PBXNativeTarget "CyberSapientTests" */ = {
			isa = XCConfigurationList;
			buildConfigurations = (
				053F28842D80258300D5B611 /* Debug */,
				053F28852D80258300D5B611 /* Release */,
			);
			defaultConfigurationIsVisible = 0;
			defaultConfigurationName = Release;
		};
		053F28862D80258300D5B611 /* Build configuration list for PBXNativeTarget "CyberSapientUITests" */ = {
			isa = XCConfigurationList;
			buildConfigurations = (
				053F28872D80258300D5B611 /* Debug */,
				053F28882D80258300D5B611 /* Release */,
			);
			defaultConfigurationIsVisible = 0;
			defaultConfigurationName = Release;
		};
/* End XCConfigurationList section */
	};
	rootObject = 053F284E2D80258000D5B611 /* Project object */;
}
